
Microsoft Visual Studio Solution File, Format Version 12.00
# Visual Studio 15
VisualStudioVersion = 15.0.28307.1401
MinimumVisualStudioVersion = 10.0.40219.1
Project("{FAE04EC0-301F-11D3-BF4B-00C04F79EFBC}") = "GEP_Scheduler", "GEP_Scheduler\GEP_Scheduler.csproj", "{5F1A1E14-2F8D-4090-A5B6-71DBC6507021}"
EndProject
Global
	GlobalSection(SolutionConfigurationPlatforms) = preSolution
		Debug|Any CPU = Debug|Any CPU
		Release|Any CPU = Release|Any CPU
	EndGlobalSection
	GlobalSection(ProjectConfigurationPlatforms) = postSolution
		{5F1A1E14-2F8D-4090-A5B6-71DBC6507021}.Debug|Any CPU.ActiveCfg = Debug|Any CPU
		{5F1A1E14-2F8D-4090-A5B6-71DBC6507021}.Debug|Any CPU.Build.0 = Debug|Any CPU
		{5F1A1E14-2F8D-4090-A5B6-71DBC6507021}.Release|Any CPU.ActiveCfg = Release|Any CPU
		{5F1A1E14-2F8D-4090-A5B6-71DBC6507021}.Release|Any CPU.Build.0 = Release|Any CPU
	EndGlobalSection
	GlobalSection(SolutionProperties) = preSolution
		HideSolutionNode = FALSE
	EndGlobalSection
	GlobalSection(ExtensibilityGlobals) = postSolution
		SolutionGuid = {719C3A15-86AA-42B0-86EA-019E40057751}
	EndGlobalSection
EndGlobal
